
Microsoft Visual Studio Solution File, Format Version 12.00
# Visual Studio Version 16
VisualStudioVersion = 16.0.32901.82
MinimumVisualStudioVersion = 10.0.40219.1
Project("{9A19103F-16F7-4668-BE54-9A1E7A4F7556}") = "Tumakov", "Tumakov\Tumakov.csproj", "{B3AF20F1-CAEF-4C24-AD18-5732C5C33C60}"
EndProject
Project("{FAE04EC0-301F-11D3-BF4B-00C04F79EFBC}") = "homework", "homework1\homework.csproj", "{0EEA0766-7A8F-436F-A890-22E125BFB703}"
EndProject
Global
	GlobalSection(SolutionConfigurationPlatforms) = preSolution
		Debug|Any CPU = Debug|Any CPU
		Release|Any CPU = Release|Any CPU
	EndGlobalSection
	GlobalSection(ProjectConfigurationPlatforms) = postSolution
		{B3AF20F1-CAEF-4C24-AD18-5732C5C33C60}.Debug|Any CPU.ActiveCfg = Debug|Any CPU
		{B3AF20F1-CAEF-4C24-AD18-5732C5C33C60}.Debug|Any CPU.Build.0 = Debug|Any CPU
		{B3AF20F1-CAEF-4C24-AD18-5732C5C33C60}.Release|Any CPU.ActiveCfg = Release|Any CPU
		{B3AF20F1-CAEF-4C24-AD18-5732C5C33C60}.Release|Any CPU.Build.0 = Release|Any CPU
		{0EEA0766-7A8F-436F-A890-22E125BFB703}.Debug|Any CPU.ActiveCfg = Debug|Any CPU
		{0EEA0766-7A8F-436F-A890-22E125BFB703}.Debug|Any CPU.Build.0 = Debug|Any CPU
		{0EEA0766-7A8F-436F-A890-22E125BFB703}.Release|Any CPU.ActiveCfg = Release|Any CPU
		{0EEA0766-7A8F-436F-A890-22E125BFB703}.Release|Any CPU.Build.0 = Release|Any CPU
	EndGlobalSection
	GlobalSection(SolutionProperties) = preSolution
		HideSolutionNode = FALSE
	EndGlobalSection
	GlobalSection(ExtensibilityGlobals) = postSolution
		SolutionGuid = {1B3ABDCD-46CB-4264-8DA3-2A59AE090C0C}
	EndGlobalSection
EndGlobal
